PODS:
  - HDF5Kit (0.2.0)

DEPENDENCIES:
  - HDF5Kit (from `https://github.com/aleph7/HDF5Kit.git`)

EXTERNAL SOURCES:
  HDF5Kit:
    :git: https://github.com/aleph7/HDF5Kit.git

CHECKOUT OPTIONS:
  HDF5Kit:
    :commit: 0a15376bbf6ec974816f3beb57014d3026e6f60f
    :git: https://github.com/aleph7/HDF5Kit.git

SPEC CHECKSUMS:
  HDF5Kit: 6e84f7e84de9e86df56e2d1090dac9f4e8ffc224

PODFILE CHECKSUM: d8677dd771950a6da7bf076812e51102b3f2a34f

COCOAPODS: 1.0.1
